{
  "name": "matomo",
  "version": "1.0.0",
  "lockfileVersion": 1,
  "requires": true,
  "dependencies": {
    "@angular/animations": {
      "version": "11.2.7",
      "resolved": "https://registry.npmjs.org/@angular/animations/-/animations-11.2.7.tgz",
      "integrity": "sha512-i+H5vC2/NUqZwGeoDHpLDn81R3prQGwT1AajMqFw9D3U6VX6G5EfYmn1zLvu8nL2r4cYMsSQ/LKnKl2jnQX0sQ==",
      "requires": {
        "tslib": "^2.0.0"
      }
    },
    "@angular/common": {
      "version": "11.2.7",
      "resolved": "https://registry.npmjs.org/@angular/common/-/common-11.2.7.tgz",
      "integrity": "sha512-+bz/0TYzl/CiQCS1L2iwC7uiV+d+PnhvCs6scu66YKnBK2gSKxdypZZ3UZNbWDyYonAYmghEt+xHvKVpZgzhbw==",
      "requires": {
        "tslib": "^2.0.0"
      }
    },
    "@angular/compiler": {
      "version": "11.2.7",
      "resolved": "https://registry.npmjs.org/@angular/compiler/-/compiler-11.2.7.tgz",
      "integrity": "sha512-VikD6d33TjBYqLfECzVSbD/T7DFmNRx9rA4b2R2RNrQ3efW7zUJjJMsYwuQEWhYe0dFsBfMKCb/+yCjH9DYTFg==",
      "requires": {
        "tslib": "^2.0.0"
      }
    },
    "@angular/core": {
      "version": "11.2.7",
      "resolved": "https://registry.npmjs.org/@angular/core/-/core-11.2.7.tgz",
      "integrity": "sha512-d/d8mPh90eEs01eWzR2sNOD6aVsv69DCeYWDdNqABe+AnrE/xmNvggeAOMcREEwQB9e6liJgmHbMLktVaMhqyg==",
      "requires": {
        "tslib": "^2.0.0"
      }
    },
    "@angular/forms": {
      "version": "11.2.7",
      "resolved": "https://registry.npmjs.org/@angular/forms/-/forms-11.2.7.tgz",
      "integrity": "sha512-MhNRZ0Su0z9Lof5wxJbaslIdEbG1C39RJ/xyeIm6+vZ5eCXnC3DqPuD4UIoWCgDQXFZW2pjdIePpLLYZnRNGRg==",
      "requires": {
        "tslib": "^2.0.0"
      }
    },
    "@angular/platform-browser": {
      "version": "11.2.7",
      "resolved": "https://registry.npmjs.org/@angular/platform-browser/-/platform-browser-11.2.7.tgz",
      "integrity": "sha512-b2n8WX4CuNQg4L9t4URqXNoJCdvLqZlDjTW0ClngOGBUMIh2bD4ripJA+1RfkWzpEs+zQM0JKNTmVoXn/Zo1bg==",
      "requires": {
        "tslib": "^2.0.0"
      }
    },
    "@angular/platform-browser-dynamic": {
      "version": "11.2.7",
      "resolved": "https://registry.npmjs.org/@angular/platform-browser-dynamic/-/platform-browser-dynamic-11.2.7.tgz",
      "integrity": "sha512-gVYcqvoj4IIeiVSxv5+83tkYFRgVYtaLrMY9ClVVw3WZDb61qfv2FStYAJbzBfJOLtYoyTB0t30z3db9kwxzBA==",
      "requires": {
        "tslib": "^2.0.0"
      }
    },
    "@angular/router": {
      "version": "11.2.7",
      "resolved": "https://registry.npmjs.org/@angular/router/-/router-11.2.7.tgz",
      "integrity": "sha512-Uf+DYpusYo/TMRz9NK3LS1cVuFnbbbSQYwIJNY7v9YX1aFdDBKVVOQJGfs3CTVv44J1VVoJsLWfbIJw2pGUIuQ==",
      "requires": {
        "tslib": "^2.0.0"
      }
    },
    "@angular/upgrade": {
      "version": "11.2.7",
      "resolved": "https://registry.npmjs.org/@angular/upgrade/-/upgrade-11.2.7.tgz",
      "integrity": "sha512-9vSlv/xB5S38Yulf79pvGPIyOQxJVKM8AfW+ErhOFa32y233y4x7JTkOZnJMTVt5UWvTxcBGuzKUm9wjYneo6g==",
      "requires": {
        "tslib": "^2.0.0"
      }
    },
    "angular": {
      "version": "1.8.2",
      "resolved": "https://registry.npmjs.org/angular/-/angular-1.8.2.tgz",
      "integrity": "sha512-IauMOej2xEe7/7Ennahkbb5qd/HFADiNuLSESz9Q27inmi32zB0lnAsFeLEWcox3Gd1F6YhNd1CP7/9IukJ0Gw=="
    },
    "angular-animate": {
      "version": "1.8.2",
      "resolved": "https://registry.npmjs.org/angular-animate/-/angular-animate-1.8.2.tgz",
      "integrity": "sha512-Jbr9+grNMs9Kj57xuBU3Ju3NOPAjS1+g2UAwwDv7su1lt0/PLDy+9zEwDiu8C8xJceoTbmBNKiWGPJGBdCQLlA=="
    },
    "angular-cookies": {
      "version": "1.8.2",
      "resolved": "https://registry.npmjs.org/angular-cookies/-/angular-cookies-1.8.2.tgz",
      "integrity": "sha512-M6fCnsnw1pj1+nXuO28ilJ+h6pFCIXQKSEgy9/PIoN0sZr5FqsE9BK18PdBQa8dif+fnHCAYpPU8MgDzT/sZSg=="
    },
    "angular-mocks": {
      "version": "1.8.2",
      "resolved": "https://registry.npmjs.org/angular-mocks/-/angular-mocks-1.8.2.tgz",
      "integrity": "sha512-I5L3P0l21HPdVsP4A4qWmENt4ePjjbkDFdAzOaM7QiibFySbt14DptPbt2IjeG4vFBr4vSLbhIz8Fk03DISl8Q=="
    },
    "angular-sanitize": {
      "version": "1.8.2",
      "resolved": "https://registry.npmjs.org/angular-sanitize/-/angular-sanitize-1.8.2.tgz",
      "integrity": "sha512-OB6Goa+QN3byf5asQ7XRl7DKZejm/F/ZOqa9z1skqYVOWA2hoBxoCmt9E7+i7T/TbxZP5zYzKxNZVVJNu860Hg=="
    },
    "chroma-js": {
      "version": "0.6.3",
      "resolved": "https://registry.npmjs.org/chroma-js/-/chroma-js-0.6.3.tgz",
      "integrity": "sha1-tTRPm3ycrO/TJiGE42lvqReo5cA="
    },
    "core-js": {
      "version": "3.10.1",
      "resolved": "https://registry.npmjs.org/core-js/-/core-js-3.10.1.tgz",
      "integrity": "sha512-pwCxEXnj27XG47mu7SXAwhLP3L5CrlvCB91ANUkIz40P27kUcvNfSdvyZJ9CLHiVoKSp+TTChMQMSKQEH/IQxA=="
    },
    "iframe-resizer": {
      "version": "4.2.11",
      "resolved": "https://registry.npmjs.org/iframe-resizer/-/iframe-resizer-4.2.11.tgz",
      "integrity": "sha512-fj5vX5kkpRbMb5Qje6veIDzqoJpnCEqUDdSOwASOeQHYmb8hLYX6Ev2yXf3jjMs2MclwcYY3chyZ3diGKcr8DA=="
    },
    "jquery": {
      "version": "2.2.4",
      "resolved": "https://registry.npmjs.org/jquery/-/jquery-2.2.4.tgz",
      "integrity": "sha1-LInWiJterFIqfuoywUUhVZxsvwI="
    },
    "jquery-mousewheel": {
      "version": "3.1.13",
      "resolved": "https://registry.npmjs.org/jquery-mousewheel/-/jquery-mousewheel-3.1.13.tgz",
      "integrity": "sha1-BvAzXxbjU6aV5yBr9QUDy1I6buU="
    },
    "jquery-ui-dist": {
      "version": "1.12.1",
      "resolved": "https://registry.npmjs.org/jquery-ui-dist/-/jquery-ui-dist-1.12.1.tgz",
      "integrity": "sha1-XAgV08xvkP9fqvWyaKbiO0ypBPo="
    },
    "jquery.browser": {
      "version": "0.1.0",
      "resolved": "https://registry.npmjs.org/jquery.browser/-/jquery.browser-0.1.0.tgz",
      "integrity": "sha1-nHKmCV/SgUtER26o9xZne3Kmors="
    },
    "jquery.dotdotdot": {
      "version": "3.2.3",
      "resolved": "https://registry.npmjs.org/jquery.dotdotdot/-/jquery.dotdotdot-3.2.3.tgz",
      "integrity": "sha512-VjsZftD2iyEErvkXMfkj3elPv1rAwFioUK/mHiur8zZTRr8dMv2eDluQjFmk+qOHVDLaqgeSHQR7ipq74f4MeA=="
    },
    "jquery.scrollto": {
      "version": "2.1.2",
      "resolved": "https://registry.npmjs.org/jquery.scrollto/-/jquery.scrollto-2.1.2.tgz",
      "integrity": "sha1-51gNnHrEbvW7JTGUg/b0VxP9fGw=",
      "requires": {
        "jquery": ">=1.8"
      }
    },
    "materialize-css": {
      "version": "1.0.0",
      "resolved": "https://registry.npmjs.org/materialize-css/-/materialize-css-1.0.0.tgz",
      "integrity": "sha512-4/oecXl8y/1i8RDZvyvwAICyqwNoKU4or5uf8uoAd74k76KzZ0Llym4zhJ5lLNUskcqjO0AuMcvNyDkpz8Z6zw=="
    },
    "mousetrap": {
      "version": "1.6.5",
      "resolved": "https://registry.npmjs.org/mousetrap/-/mousetrap-1.6.5.tgz",
      "integrity": "sha512-QNo4kEepaIBwiT8CDhP98umTetp+JNfQYBWvC1pc6/OAibuXtRcxZ58Qz8skvEHYvURne/7R8T5VoOI7rDsEUA=="
    },
    "ng-dialog": {
      "version": "1.4.0",
      "resolved": "https://registry.npmjs.org/ng-dialog/-/ng-dialog-1.4.0.tgz",
      "integrity": "sha1-P4EzDnyqxhTpn7zrdvMEv4IMQT4="
    },
    "qrcodejs2": {
      "version": "0.0.2",
      "resolved": "https://registry.npmjs.org/qrcodejs2/-/qrcodejs2-0.0.2.tgz",
      "integrity": "sha1-Rlr+Xjnxn6zsuTLBH3oYYQkUauE="
    },
    "rxjs": {
      "version": "6.6.7",
      "resolved": "https://registry.npmjs.org/rxjs/-/rxjs-6.6.7.tgz",
      "integrity": "sha512-hTdwr+7yYNIT5n4AMYp85KA6yw2Va0FLa3Rguvbpa4W3I5xynaBZo41cM3XM+4Q6fRMj3sBYIR1VAmZMXYJvRQ==",
      "requires": {
        "tslib": "^1.9.0"
      },
      "dependencies": {
        "tslib": {
          "version": "1.14.1",
          "resolved": "https://registry.npmjs.org/tslib/-/tslib-1.14.1.tgz",
          "integrity": "sha512-Xni35NKzjgMrwevysHTCArtLDpPvye8zV/0E4EyYn43P7/7qvQwPh9BGkHewbMulVntbigmcT7rdX3BNo9wRJg=="
        }
      }
    },
    "sprintf-js": {
      "version": "1.1.2",
      "resolved": "https://registry.npmjs.org/sprintf-js/-/sprintf-js-1.1.2.tgz",
      "integrity": "sha512-VE0SOVEHCk7Qc8ulkWw3ntAzXuqf7S2lvwQaDLRnUeIEaKNQJzV6BwmLKhOqT61aGhfUMrXeaBk+oDGCzvhcug=="
    },
    "tslib": {
      "version": "2.1.0",
      "resolved": "https://registry.npmjs.org/tslib/-/tslib-2.1.0.tgz",
      "integrity": "sha512-hcVC3wYEziELGGmEEXue7D75zbwIIVUMWAVbHItGPx0ziyXxrOMQx4rQEVEV45Ut/1IotuEvwqPopzIOkDMf0A=="
    },
    "visibilityjs": {
      "version": "2.0.2",
      "resolved": "https://registry.npmjs.org/visibilityjs/-/visibilityjs-2.0.2.tgz",
      "integrity": "sha512-y5sN5oGvuXXcK6s8WupOymRcqEss7kusojpScRqkT+cTCIFjul+06uSMDPMByN9DIBv/sUUnvV8BplKjqelAfw=="
    },
    "zone.js": {
      "version": "0.11.4",
      "resolved": "https://registry.npmjs.org/zone.js/-/zone.js-0.11.4.tgz",
      "integrity": "sha512-DDh2Ab+A/B+9mJyajPjHFPWfYU1H+pdun4wnnk0OcQTNjem1XQSZ2CDW+rfZEUDjv5M19SBqAkjZi0x5wuB5Qw==",
      "requires": {
        "tslib": "^2.0.0"
      }
    }
  }
}
